
Microsoft Visual Studio Solution File, Format Version 12.00
# Visual Studio Version 16
VisualStudioVersion = 16.0.31205.134
MinimumVisualStudioVersion = 10.0.40219.1
Project("{9A19103F-16F7-4668-BE54-9A1E7A4F7556}") = "AlleShop", "AlleShop\AlleShop.csproj", "{7C51885B-16D8-4CE8-AD3E-BC6E7C328E26}"
EndProject
Project("{9A19103F-16F7-4668-BE54-9A1E7A4F7556}") = "WebAPIAdmin", "WebAPI\WebAPIAdmin.csproj", "{741F699B-D7BB-49A8-9F95-268056896DB6}"
EndProject
Project("{FAE04EC0-301F-11D3-BF4B-00C04F79EFBC}") = "WebAPIUser", "WebAPIUser\WebAPIUser.csproj", "{A7D85BAE-462A-4D44-AA46-05ACAA468015}"
EndProject
Global
	GlobalSection(SolutionConfigurationPlatforms) = preSolution
		Debug|Any CPU = Debug|Any CPU
		Release|Any CPU = Release|Any CPU
	EndGlobalSection
	GlobalSection(ProjectConfigurationPlatforms) = postSolution
		{7C51885B-16D8-4CE8-AD3E-BC6E7C328E26}.Debug|Any CPU.ActiveCfg = Debug|Any CPU
		{7C51885B-16D8-4CE8-AD3E-BC6E7C328E26}.Debug|Any CPU.Build.0 = Debug|Any CPU
		{7C51885B-16D8-4CE8-AD3E-BC6E7C328E26}.Release|Any CPU.ActiveCfg = Release|Any CPU
		{7C51885B-16D8-4CE8-AD3E-BC6E7C328E26}.Release|Any CPU.Build.0 = Release|Any CPU
		{741F699B-D7BB-49A8-9F95-268056896DB6}.Debug|Any CPU.ActiveCfg = Debug|Any CPU
		{741F699B-D7BB-49A8-9F95-268056896DB6}.Debug|Any CPU.Build.0 = Debug|Any CPU
		{741F699B-D7BB-49A8-9F95-268056896DB6}.Release|Any CPU.ActiveCfg = Release|Any CPU
		{741F699B-D7BB-49A8-9F95-268056896DB6}.Release|Any CPU.Build.0 = Release|Any CPU
		{A7D85BAE-462A-4D44-AA46-05ACAA468015}.Debug|Any CPU.ActiveCfg = Debug|Any CPU
		{A7D85BAE-462A-4D44-AA46-05ACAA468015}.Debug|Any CPU.Build.0 = Debug|Any CPU
		{A7D85BAE-462A-4D44-AA46-05ACAA468015}.Release|Any CPU.ActiveCfg = Release|Any CPU
		{A7D85BAE-462A-4D44-AA46-05ACAA468015}.Release|Any CPU.Build.0 = Release|Any CPU
	EndGlobalSection
	GlobalSection(SolutionProperties) = preSolution
		HideSolutionNode = FALSE
	EndGlobalSection
	GlobalSection(ExtensibilityGlobals) = postSolution
		SolutionGuid = {26D67F5A-BAA0-461B-901B-77E0BC76C07A}
	EndGlobalSection
EndGlobal
